
Microsoft Visual Studio Solution File, Format Version 12.00
# Visual Studio 14
VisualStudioVersion = 14.0.25420.1
MinimumVisualStudioVersion = 10.0.40219.1
Project("{FAE04EC0-301F-11D3-BF4B-00C04F79EFBC}") = "TotoMorti", "TotoMorti\TotoMorti\TotoMorti.csproj", "{9EE90B2C-CCCB-477B-91A5-8AEDE65D703A}"
EndProject
Project("{FAE04EC0-301F-11D3-BF4B-00C04F79EFBC}") = "TotoMorti.Droid", "TotoMorti\TotoMorti.Droid\TotoMorti.Droid.csproj", "{CAE0ED31-FE0E-49BE-A5DA-00E0577C71E7}"
EndProject
Project("{FAE04EC0-301F-11D3-BF4B-00C04F79EFBC}") = "TotoMorti.iOS", "TotoMorti\TotoMorti.iOS\TotoMorti.iOS.csproj", "{64609FF0-C23B-457B-AF6E-A6A825B8A0B2}"
EndProject
Project("{FAE04EC0-301F-11D3-BF4B-00C04F79EFBC}") = "TotoMorti.UWP", "TotoMorti\TotoMorti.UWP\TotoMorti.UWP.csproj", "{DC009D7E-3112-4015-8884-202B5FDE3108}"
EndProject
Project("{FAE04EC0-301F-11D3-BF4B-00C04F79EFBC}") = "TotoMorti.Tests", "TotoMorti.Tests\TotoMorti.Tests.csproj", "{958039E9-670B-44DF-8412-F9E1EB46A025}"
EndProject
Project("{2150E333-8FDC-42A3-9474-1A3956D46DE8}") = "Platforms", "Platforms", "{967133DB-5507-427F-935E-D32F220CE77B}"
EndProject
Project("{2150E333-8FDC-42A3-9474-1A3956D46DE8}") = "Solution Items", "Solution Items", "{2CAA926C-3BDF-484C-AFFF-A0A8CB7B87C7}"
	ProjectSection(SolutionItems) = preProject
		SharedAssemblyInfo.cs = SharedAssemblyInfo.cs
	EndProjectSection
EndProject
Global
	GlobalSection(SolutionConfigurationPlatforms) = preSolution
		Ad-Hoc|Any CPU = Ad-Hoc|Any CPU
		Ad-Hoc|ARM = Ad-Hoc|ARM
		Ad-Hoc|iPhone = Ad-Hoc|iPhone
		Ad-Hoc|iPhoneSimulator = Ad-Hoc|iPhoneSimulator
		Ad-Hoc|x64 = Ad-Hoc|x64
		Ad-Hoc|x86 = Ad-Hoc|x86
		AppStore|Any CPU = AppStore|Any CPU
		AppStore|ARM = AppStore|ARM
		AppStore|iPhone = AppStore|iPhone
		AppStore|iPhoneSimulator = AppStore|iPhoneSimulator
		AppStore|x64 = AppStore|x64
		AppStore|x86 = AppStore|x86
		Debug|Any CPU = Debug|Any CPU
		Debug|ARM = Debug|ARM
		Debug|iPhone = Debug|iPhone
		Debug|iPhoneSimulator = Debug|iPhoneSimulator
		Debug|x64 = Debug|x64
		Debug|x86 = Debug|x86
		Release|Any CPU = Release|Any CPU
		Release|ARM = Release|ARM
		Release|iPhone = Release|iPhone
		Release|iPhoneSimulator = Release|iPhoneSimulator
		Release|x64 = Release|x64
		Release|x86 = Release|x86
	EndGlobalSection
	GlobalSection(ProjectConfigurationPlatforms) = postSolution
		{9EE90B2C-CCCB-477B-91A5-8AEDE65D703A}.Ad-Hoc|Any CPU.ActiveCfg = Release|Any CPU
		{9EE90B2C-CCCB-477B-91A5-8AEDE65D703A}.Ad-Hoc|Any CPU.Build.0 = Release|Any CPU
		{9EE90B2C-CCCB-477B-91A5-8AEDE65D703A}.Ad-Hoc|ARM.ActiveCfg = Release|Any CPU
		{9EE90B2C-CCCB-477B-91A5-8AEDE65D703A}.Ad-Hoc|ARM.Build.0 = Release|Any CPU
		{9EE90B2C-CCCB-477B-91A5-8AEDE65D703A}.Ad-Hoc|iPhone.ActiveCfg = Release|Any CPU
		{9EE90B2C-CCCB-477B-91A5-8AEDE65D703A}.Ad-Hoc|iPhone.Build.0 = Release|Any CPU
		{9EE90B2C-CCCB-477B-91A5-8AEDE65D703A}.Ad-Hoc|iPhoneSimulator.ActiveCfg = Release|Any CPU
		{9EE90B2C-CCCB-477B-91A5-8AEDE65D703A}.Ad-Hoc|iPhoneSimulator.Build.0 = Release|Any CPU
		{9EE90B2C-CCCB-477B-91A5-8AEDE65D703A}.Ad-Hoc|x64.ActiveCfg = Release|Any CPU
		{9EE90B2C-CCCB-477B-91A5-8AEDE65D703A}.Ad-Hoc|x64.Build.0 = Release|Any CPU
		{9EE90B2C-CCCB-477B-91A5-8AEDE65D703A}.Ad-Hoc|x86.ActiveCfg = Release|Any CPU
		{9EE90B2C-CCCB-477B-91A5-8AEDE65D703A}.Ad-Hoc|x86.Build.0 = Release|Any CPU
		{9EE90B2C-CCCB-477B-91A5-8AEDE65D703A}.AppStore|Any CPU.ActiveCfg = Release|Any CPU
		{9EE90B2C-CCCB-477B-91A5-8AEDE65D703A}.AppStore|Any CPU.Build.0 = Release|Any CPU
		{9EE90B2C-CCCB-477B-91A5-8AEDE65D703A}.AppStore|ARM.ActiveCfg = Release|Any CPU
		{9EE90B2C-CCCB-477B-91A5-8AEDE65D703A}.AppStore|ARM.Build.0 = Release|Any CPU
		{9EE90B2C-CCCB-477B-91A5-8AEDE65D703A}.AppStore|iPhone.ActiveCfg = Release|Any CPU
		{9EE90B2C-CCCB-477B-91A5-8AEDE65D703A}.AppStore|iPhone.Build.0 = Release|Any CPU
		{9EE90B2C-CCCB-477B-91A5-8AEDE65D703A}.AppStore|iPhoneSimulator.ActiveCfg = Release|Any CPU
		{9EE90B2C-CCCB-477B-91A5-8AEDE65D703A}.AppStore|iPhoneSimulator.Build.0 = Release|Any CPU
		{9EE90B2C-CCCB-477B-91A5-8AEDE65D703A}.AppStore|x64.ActiveCfg = Release|Any CPU
		{9EE90B2C-CCCB-477B-91A5-8AEDE65D703A}.AppStore|x64.Build.0 = Release|Any CPU
		{9EE90B2C-CCCB-477B-91A5-8AEDE65D703A}.AppStore|x86.ActiveCfg = Release|Any CPU
		{9EE90B2C-CCCB-477B-91A5-8AEDE65D703A}.AppStore|x86.Build.0 = Release|Any CPU
		{9EE90B2C-CCCB-477B-91A5-8AEDE65D703A}.Debug|Any CPU.ActiveCfg = Debug|Any CPU
		{9EE90B2C-CCCB-477B-91A5-8AEDE65D703A}.Debug|Any CPU.Build.0 = Debug|Any CPU
		{9EE90B2C-CCCB-477B-91A5-8AEDE65D703A}.Debug|ARM.ActiveCfg = Debug|Any CPU
		{9EE90B2C-CCCB-477B-91A5-8AEDE65D703A}.Debug|ARM.Build.0 = Debug|Any CPU
		{9EE90B2C-CCCB-477B-91A5-8AEDE65D703A}.Debug|iPhone.ActiveCfg = Debug|Any CPU
		{9EE90B2C-CCCB-477B-91A5-8AEDE65D703A}.Debug|iPhone.Build.0 = Debug|Any CPU
		{9EE90B2C-CCCB-477B-91A5-8AEDE65D703A}.Debug|iPhoneSimulator.ActiveCfg = Debug|Any CPU
		{9EE90B2C-CCCB-477B-91A5-8AEDE65D703A}.Debug|iPhoneSimulator.Build.0 = Debug|Any CPU
		{9EE90B2C-CCCB-477B-91A5-8AEDE65D703A}.Debug|x64.ActiveCfg = Debug|Any CPU
		{9EE90B2C-CCCB-477B-91A5-8AEDE65D703A}.Debug|x64.Build.0 = Debug|Any CPU
		{9EE90B2C-CCCB-477B-91A5-8AEDE65D703A}.Debug|x86.ActiveCfg = Debug|Any CPU
		{9EE90B2C-CCCB-477B-91A5-8AEDE65D703A}.Debug|x86.Build.0 = Debug|Any CPU
		{9EE90B2C-CCCB-477B-91A5-8AEDE65D703A}.Release|Any CPU.ActiveCfg = Release|Any CPU
		{9EE90B2C-CCCB-477B-91A5-8AEDE65D703A}.Release|Any CPU.Build.0 = Release|Any CPU
		{9EE90B2C-CCCB-477B-91A5-8AEDE65D703A}.Release|ARM.ActiveCfg = Release|Any CPU
		{9EE90B2C-CCCB-477B-91A5-8AEDE65D703A}.Release|ARM.Build.0 = Release|Any CPU
		{9EE90B2C-CCCB-477B-91A5-8AEDE65D703A}.Release|iPhone.ActiveCfg = Release|Any CPU
		{9EE90B2C-CCCB-477B-91A5-8AEDE65D703A}.Release|iPhone.Build.0 = Release|Any CPU
		{9EE90B2C-CCCB-477B-91A5-8AEDE65D703A}.Release|iPhoneSimulator.ActiveCfg = Release|Any CPU
		{9EE90B2C-CCCB-477B-91A5-8AEDE65D703A}.Release|iPhoneSimulator.Build.0 = Release|Any CPU
		{9EE90B2C-CCCB-477B-91A5-8AEDE65D703A}.Release|x64.ActiveCfg = Release|Any CPU
		{9EE90B2C-CCCB-477B-91A5-8AEDE65D703A}.Release|x64.Build.0 = Release|Any CPU
		{9EE90B2C-CCCB-477B-91A5-8AEDE65D703A}.Release|x86.ActiveCfg = Release|Any CPU
		{9EE90B2C-CCCB-477B-91A5-8AEDE65D703A}.Release|x86.Build.0 = Release|Any CPU
		{CAE0ED31-FE0E-49BE-A5DA-00E0577C71E7}.Ad-Hoc|Any CPU.ActiveCfg = Release|Any CPU
		{CAE0ED31-FE0E-49BE-A5DA-00E0577C71E7}.Ad-Hoc|Any CPU.Build.0 = Release|Any CPU
		{CAE0ED31-FE0E-49BE-A5DA-00E0577C71E7}.Ad-Hoc|Any CPU.Deploy.0 = Release|Any CPU
		{CAE0ED31-FE0E-49BE-A5DA-00E0577C71E7}.Ad-Hoc|ARM.ActiveCfg = Release|Any CPU
		{CAE0ED31-FE0E-49BE-A5DA-00E0577C71E7}.Ad-Hoc|ARM.Build.0 = Release|Any CPU
		{CAE0ED31-FE0E-49BE-A5DA-00E0577C71E7}.Ad-Hoc|ARM.Deploy.0 = Release|Any CPU
		{CAE0ED31-FE0E-49BE-A5DA-00E0577C71E7}.Ad-Hoc|iPhone.ActiveCfg = Release|Any CPU
		{CAE0ED31-FE0E-49BE-A5DA-00E0577C71E7}.Ad-Hoc|iPhone.Build.0 = Release|Any CPU
		{CAE0ED31-FE0E-49BE-A5DA-00E0577C71E7}.Ad-Hoc|iPhone.Deploy.0 = Release|Any CPU
		{CAE0ED31-FE0E-49BE-A5DA-00E0577C71E7}.Ad-Hoc|iPhoneSimulator.ActiveCfg = Release|Any CPU
		{CAE0ED31-FE0E-49BE-A5DA-00E0577C71E7}.Ad-Hoc|iPhoneSimulator.Build.0 = Release|Any CPU
		{CAE0ED31-FE0E-49BE-A5DA-00E0577C71E7}.Ad-Hoc|iPhoneSimulator.Deploy.0 = Release|Any CPU
		{CAE0ED31-FE0E-49BE-A5DA-00E0577C71E7}.Ad-Hoc|x64.ActiveCfg = Release|Any CPU
		{CAE0ED31-FE0E-49BE-A5DA-00E0577C71E7}.Ad-Hoc|x64.Build.0 = Release|Any CPU
		{CAE0ED31-FE0E-49BE-A5DA-00E0577C71E7}.Ad-Hoc|x64.Deploy.0 = Release|Any CPU
		{CAE0ED31-FE0E-49BE-A5DA-00E0577C71E7}.Ad-Hoc|x86.ActiveCfg = Release|Any CPU
		{CAE0ED31-FE0E-49BE-A5DA-00E0577C71E7}.Ad-Hoc|x86.Build.0 = Release|Any CPU
		{CAE0ED31-FE0E-49BE-A5DA-00E0577C71E7}.Ad-Hoc|x86.Deploy.0 = Release|Any CPU
		{CAE0ED31-FE0E-49BE-A5DA-00E0577C71E7}.AppStore|Any CPU.ActiveCfg = Release|Any CPU
		{CAE0ED31-FE0E-49BE-A5DA-00E0577C71E7}.AppStore|Any CPU.Build.0 = Release|Any CPU
		{CAE0ED31-FE0E-49BE-A5DA-00E0577C71E7}.AppStore|Any CPU.Deploy.0 = Release|Any CPU
		{CAE0ED31-FE0E-49BE-A5DA-00E0577C71E7}.AppStore|ARM.ActiveCfg = Release|Any CPU
		{CAE0ED31-FE0E-49BE-A5DA-00E0577C71E7}.AppStore|ARM.Build.0 = Release|Any CPU
		{CAE0ED31-FE0E-49BE-A5DA-00E0577C71E7}.AppStore|ARM.Deploy.0 = Release|Any CPU
		{CAE0ED31-FE0E-49BE-A5DA-00E0577C71E7}.AppStore|iPhone.ActiveCfg = Release|Any CPU
		{CAE0ED31-FE0E-49BE-A5DA-00E0577C71E7}.AppStore|iPhone.Build.0 = Release|Any CPU
		{CAE0ED31-FE0E-49BE-A5DA-00E0577C71E7}.AppStore|iPhone.Deploy.0 = Release|Any CPU
		{CAE0ED31-FE0E-49BE-A5DA-00E0577C71E7}.AppStore|iPhoneSimulator.ActiveCfg = Release|Any CPU
		{CAE0ED31-FE0E-49BE-A5DA-00E0577C71E7}.AppStore|iPhoneSimulator.Build.0 = Release|Any CPU
		{CAE0ED31-FE0E-49BE-A5DA-00E0577C71E7}.AppStore|iPhoneSimulator.Deploy.0 = Release|Any CPU
		{CAE0ED31-FE0E-49BE-A5DA-00E0577C71E7}.AppStore|x64.ActiveCfg = Release|Any CPU
		{CAE0ED31-FE0E-49BE-A5DA-00E0577C71E7}.AppStore|x64.Build.0 = Release|Any CPU
		{CAE0ED31-FE0E-49BE-A5DA-00E0577C71E7}.AppStore|x64.Deploy.0 = Release|Any CPU
		{CAE0ED31-FE0E-49BE-A5DA-00E0577C71E7}.AppStore|x86.ActiveCfg = Release|Any CPU
		{CAE0ED31-FE0E-49BE-A5DA-00E0577C71E7}.AppStore|x86.Build.0 = Release|Any CPU
		{CAE0ED31-FE0E-49BE-A5DA-00E0577C71E7}.AppStore|x86.Deploy.0 = Release|Any CPU
		{CAE0ED31-FE0E-49BE-A5DA-00E0577C71E7}.Debug|Any CPU.ActiveCfg = Debug|Any CPU
		{CAE0ED31-FE0E-49BE-A5DA-00E0577C71E7}.Debug|Any CPU.Build.0 = Debug|Any CPU
		{CAE0ED31-FE0E-49BE-A5DA-00E0577C71E7}.Debug|Any CPU.Deploy.0 = Debug|Any CPU
		{CAE0ED31-FE0E-49BE-A5DA-00E0577C71E7}.Debug|ARM.ActiveCfg = Debug|Any CPU
		{CAE0ED31-FE0E-49BE-A5DA-00E0577C71E7}.Debug|ARM.Build.0 = Debug|Any CPU
		{CAE0ED31-FE0E-49BE-A5DA-00E0577C71E7}.Debug|ARM.Deploy.0 = Debug|Any CPU
		{CAE0ED31-FE0E-49BE-A5DA-00E0577C71E7}.Debug|iPhone.ActiveCfg = Debug|Any CPU
		{CAE0ED31-FE0E-49BE-A5DA-00E0577C71E7}.Debug|iPhone.Build.0 = Debug|Any CPU
		{CAE0ED31-FE0E-49BE-A5DA-00E0577C71E7}.Debug|iPhone.Deploy.0 = Debug|Any CPU
		{CAE0ED31-FE0E-49BE-A5DA-00E0577C71E7}.Debug|iPhoneSimulator.ActiveCfg = Debug|Any CPU
		{CAE0ED31-FE0E-49BE-A5DA-00E0577C71E7}.Debug|iPhoneSimulator.Build.0 = Debug|Any CPU
		{CAE0ED31-FE0E-49BE-A5DA-00E0577C71E7}.Debug|iPhoneSimulator.Deploy.0 = Debug|Any CPU
		{CAE0ED31-FE0E-49BE-A5DA-00E0577C71E7}.Debug|x64.ActiveCfg = Debug|Any CPU
		{CAE0ED31-FE0E-49BE-A5DA-00E0577C71E7}.Debug|x64.Build.0 = Debug|Any CPU
		{CAE0ED31-FE0E-49BE-A5DA-00E0577C71E7}.Debug|x64.Deploy.0 = Debug|Any CPU
		{CAE0ED31-FE0E-49BE-A5DA-00E0577C71E7}.Debug|x86.ActiveCfg = Debug|Any CPU
		{CAE0ED31-FE0E-49BE-A5DA-00E0577C71E7}.Debug|x86.Build.0 = Debug|Any CPU
		{CAE0ED31-FE0E-49BE-A5DA-00E0577C71E7}.Debug|x86.Deploy.0 = Debug|Any CPU
		{CAE0ED31-FE0E-49BE-A5DA-00E0577C71E7}.Release|Any CPU.ActiveCfg = Release|Any CPU
		{CAE0ED31-FE0E-49BE-A5DA-00E0577C71E7}.Release|Any CPU.Build.0 = Release|Any CPU
		{CAE0ED31-FE0E-49BE-A5DA-00E0577C71E7}.Release|Any CPU.Deploy.0 = Release|Any CPU
		{CAE0ED31-FE0E-49BE-A5DA-00E0577C71E7}.Release|ARM.ActiveCfg = Release|Any CPU
		{CAE0ED31-FE0E-49BE-A5DA-00E0577C71E7}.Release|ARM.Build.0 = Release|Any CPU
		{CAE0ED31-FE0E-49BE-A5DA-00E0577C71E7}.Release|ARM.Deploy.0 = Release|Any CPU
		{CAE0ED31-FE0E-49BE-A5DA-00E0577C71E7}.Release|iPhone.ActiveCfg = Release|Any CPU
		{CAE0ED31-FE0E-49BE-A5DA-00E0577C71E7}.Release|iPhone.Build.0 = Release|Any CPU
		{CAE0ED31-FE0E-49BE-A5DA-00E0577C71E7}.Release|iPhone.Deploy.0 = Release|Any CPU
		{CAE0ED31-FE0E-49BE-A5DA-00E0577C71E7}.Release|iPhoneSimulator.ActiveCfg = Release|Any CPU
		{CAE0ED31-FE0E-49BE-A5DA-00E0577C71E7}.Release|iPhoneSimulator.Build.0 = Release|Any CPU
		{CAE0ED31-FE0E-49BE-A5DA-00E0577C71E7}.Release|iPhoneSimulator.Deploy.0 = Release|Any CPU
		{CAE0ED31-FE0E-49BE-A5DA-00E0577C71E7}.Release|x64.ActiveCfg = Release|Any CPU
		{CAE0ED31-FE0E-49BE-A5DA-00E0577C71E7}.Release|x64.Build.0 = Release|Any CPU
		{CAE0ED31-FE0E-49BE-A5DA-00E0577C71E7}.Release|x64.Deploy.0 = Release|Any CPU
		{CAE0ED31-FE0E-49BE-A5DA-00E0577C71E7}.Release|x86.ActiveCfg = Release|Any CPU
		{CAE0ED31-FE0E-49BE-A5DA-00E0577C71E7}.Release|x86.Build.0 = Release|Any CPU
		{CAE0ED31-FE0E-49BE-A5DA-00E0577C71E7}.Release|x86.Deploy.0 = Release|Any CPU
		{64609FF0-C23B-457B-AF6E-A6A825B8A0B2}.Ad-Hoc|Any CPU.ActiveCfg = Ad-Hoc|iPhone
		{64609FF0-C23B-457B-AF6E-A6A825B8A0B2}.Ad-Hoc|ARM.ActiveCfg = Ad-Hoc|iPhone
		{64609FF0-C23B-457B-AF6E-A6A825B8A0B2}.Ad-Hoc|iPhone.ActiveCfg = Ad-Hoc|iPhone
		{64609FF0-C23B-457B-AF6E-A6A825B8A0B2}.Ad-Hoc|iPhone.Build.0 = Ad-Hoc|iPhone
		{64609FF0-C23B-457B-AF6E-A6A825B8A0B2}.Ad-Hoc|iPhoneSimulator.ActiveCfg = Ad-Hoc|iPhoneSimulator
		{64609FF0-C23B-457B-AF6E-A6A825B8A0B2}.Ad-Hoc|iPhoneSimulator.Build.0 = Ad-Hoc|iPhoneSimulator
		{64609FF0-C23B-457B-AF6E-A6A825B8A0B2}.Ad-Hoc|x64.ActiveCfg = Ad-Hoc|iPhone
		{64609FF0-C23B-457B-AF6E-A6A825B8A0B2}.Ad-Hoc|x86.ActiveCfg = Ad-Hoc|iPhone
		{64609FF0-C23B-457B-AF6E-A6A825B8A0B2}.AppStore|Any CPU.ActiveCfg = AppStore|iPhone
		{64609FF0-C23B-457B-AF6E-A6A825B8A0B2}.AppStore|ARM.ActiveCfg = AppStore|iPhone
		{64609FF0-C23B-457B-AF6E-A6A825B8A0B2}.AppStore|iPhone.ActiveCfg = AppStore|iPhone
		{64609FF0-C23B-457B-AF6E-A6A825B8A0B2}.AppStore|iPhone.Build.0 = AppStore|iPhone
		{64609FF0-C23B-457B-AF6E-A6A825B8A0B2}.AppStore|iPhoneSimulator.ActiveCfg = AppStore|iPhoneSimulator
		{64609FF0-C23B-457B-AF6E-A6A825B8A0B2}.AppStore|iPhoneSimulator.Build.0 = AppStore|iPhoneSimulator
		{64609FF0-C23B-457B-AF6E-A6A825B8A0B2}.AppStore|x64.ActiveCfg = AppStore|iPhone
		{64609FF0-C23B-457B-AF6E-A6A825B8A0B2}.AppStore|x86.ActiveCfg = AppStore|iPhone
		{64609FF0-C23B-457B-AF6E-A6A825B8A0B2}.Debug|Any CPU.ActiveCfg = Debug|iPhone
		{64609FF0-C23B-457B-AF6E-A6A825B8A0B2}.Debug|ARM.ActiveCfg = Debug|iPhone
		{64609FF0-C23B-457B-AF6E-A6A825B8A0B2}.Debug|iPhone.ActiveCfg = Debug|iPhone
		{64609FF0-C23B-457B-AF6E-A6A825B8A0B2}.Debug|iPhone.Build.0 = Debug|iPhone
		{64609FF0-C23B-457B-AF6E-A6A825B8A0B2}.Debug|iPhoneSimulator.ActiveCfg = Debug|iPhoneSimulator
		{64609FF0-C23B-457B-AF6E-A6A825B8A0B2}.Debug|iPhoneSimulator.Build.0 = Debug|iPhoneSimulator
		{64609FF0-C23B-457B-AF6E-A6A825B8A0B2}.Debug|x64.ActiveCfg = Debug|iPhone
		{64609FF0-C23B-457B-AF6E-A6A825B8A0B2}.Debug|x86.ActiveCfg = Debug|iPhone
		{64609FF0-C23B-457B-AF6E-A6A825B8A0B2}.Release|Any CPU.ActiveCfg = Release|iPhone
		{64609FF0-C23B-457B-AF6E-A6A825B8A0B2}.Release|ARM.ActiveCfg = Release|iPhone
		{64609FF0-C23B-457B-AF6E-A6A825B8A0B2}.Release|iPhone.ActiveCfg = Release|iPhone
		{64609FF0-C23B-457B-AF6E-A6A825B8A0B2}.Release|iPhone.Build.0 = Release|iPhone
		{64609FF0-C23B-457B-AF6E-A6A825B8A0B2}.Release|iPhoneSimulator.ActiveCfg = Release|iPhoneSimulator
		{64609FF0-C23B-457B-AF6E-A6A825B8A0B2}.Release|iPhoneSimulator.Build.0 = Release|iPhoneSimulator
		{64609FF0-C23B-457B-AF6E-A6A825B8A0B2}.Release|x64.ActiveCfg = Release|iPhone
		{64609FF0-C23B-457B-AF6E-A6A825B8A0B2}.Release|x86.ActiveCfg = Release|iPhone
		{DC009D7E-3112-4015-8884-202B5FDE3108}.Ad-Hoc|Any CPU.ActiveCfg = Release|x86
		{DC009D7E-3112-4015-8884-202B5FDE3108}.Ad-Hoc|Any CPU.Build.0 = Release|x86
		{DC009D7E-3112-4015-8884-202B5FDE3108}.Ad-Hoc|Any CPU.Deploy.0 = Release|x86
		{DC009D7E-3112-4015-8884-202B5FDE3108}.Ad-Hoc|ARM.ActiveCfg = Release|ARM
		{DC009D7E-3112-4015-8884-202B5FDE3108}.Ad-Hoc|ARM.Build.0 = Release|ARM
		{DC009D7E-3112-4015-8884-202B5FDE3108}.Ad-Hoc|ARM.Deploy.0 = Release|ARM
		{DC009D7E-3112-4015-8884-202B5FDE3108}.Ad-Hoc|iPhone.ActiveCfg = Release|x86
		{DC009D7E-3112-4015-8884-202B5FDE3108}.Ad-Hoc|iPhone.Build.0 = Release|x86
		{DC009D7E-3112-4015-8884-202B5FDE3108}.Ad-Hoc|iPhone.Deploy.0 = Release|x86
		{DC009D7E-3112-4015-8884-202B5FDE3108}.Ad-Hoc|iPhoneSimulator.ActiveCfg = Release|x86
		{DC009D7E-3112-4015-8884-202B5FDE3108}.Ad-Hoc|iPhoneSimulator.Build.0 = Release|x86
		{DC009D7E-3112-4015-8884-202B5FDE3108}.Ad-Hoc|iPhoneSimulator.Deploy.0 = Release|x86
		{DC009D7E-3112-4015-8884-202B5FDE3108}.Ad-Hoc|x64.ActiveCfg = Release|x64
		{DC009D7E-3112-4015-8884-202B5FDE3108}.Ad-Hoc|x64.Build.0 = Release|x64
		{DC009D7E-3112-4015-8884-202B5FDE3108}.Ad-Hoc|x64.Deploy.0 = Release|x64
		{DC009D7E-3112-4015-8884-202B5FDE3108}.Ad-Hoc|x86.ActiveCfg = Release|x86
		{DC009D7E-3112-4015-8884-202B5FDE3108}.Ad-Hoc|x86.Build.0 = Release|x86
		{DC009D7E-3112-4015-8884-202B5FDE3108}.Ad-Hoc|x86.Deploy.0 = Release|x86
		{DC009D7E-3112-4015-8884-202B5FDE3108}.AppStore|Any CPU.ActiveCfg = Release|x86
		{DC009D7E-3112-4015-8884-202B5FDE3108}.AppStore|Any CPU.Build.0 = Release|x86
		{DC009D7E-3112-4015-8884-202B5FDE3108}.AppStore|Any CPU.Deploy.0 = Release|x86
		{DC009D7E-3112-4015-8884-202B5FDE3108}.AppStore|ARM.ActiveCfg = Release|ARM
		{DC009D7E-3112-4015-8884-202B5FDE3108}.AppStore|ARM.Build.0 = Release|ARM
		{DC009D7E-3112-4015-8884-202B5FDE3108}.AppStore|ARM.Deploy.0 = Release|ARM
		{DC009D7E-3112-4015-8884-202B5FDE3108}.AppStore|iPhone.ActiveCfg = Release|x86
		{DC009D7E-3112-4015-8884-202B5FDE3108}.AppStore|iPhone.Build.0 = Release|x86
		{DC009D7E-3112-4015-8884-202B5FDE3108}.AppStore|iPhone.Deploy.0 = Release|x86
		{DC009D7E-3112-4015-8884-202B5FDE3108}.AppStore|iPhoneSimulator.ActiveCfg = Release|x86
		{DC009D7E-3112-4015-8884-202B5FDE3108}.AppStore|iPhoneSimulator.Build.0 = Release|x86
		{DC009D7E-3112-4015-8884-202B5FDE3108}.AppStore|iPhoneSimulator.Deploy.0 = Release|x86
		{DC009D7E-3112-4015-8884-202B5FDE3108}.AppStore|x64.ActiveCfg = Release|x64
		{DC009D7E-3112-4015-8884-202B5FDE3108}.AppStore|x64.Build.0 = Release|x64
		{DC009D7E-3112-4015-8884-202B5FDE3108}.AppStore|x64.Deploy.0 = Release|x64
		{DC009D7E-3112-4015-8884-202B5FDE3108}.AppStore|x86.ActiveCfg = Release|x86
		{DC009D7E-3112-4015-8884-202B5FDE3108}.AppStore|x86.Build.0 = Release|x86
		{DC009D7E-3112-4015-8884-202B5FDE3108}.AppStore|x86.Deploy.0 = Release|x86
		{DC009D7E-3112-4015-8884-202B5FDE3108}.Debug|Any CPU.ActiveCfg = Debug|x86
		{DC009D7E-3112-4015-8884-202B5FDE3108}.Debug|Any CPU.Deploy.0 = Debug|x86
		{DC009D7E-3112-4015-8884-202B5FDE3108}.Debug|ARM.ActiveCfg = Debug|ARM
		{DC009D7E-3112-4015-8884-202B5FDE3108}.Debug|ARM.Build.0 = Debug|ARM
		{DC009D7E-3112-4015-8884-202B5FDE3108}.Debug|ARM.Deploy.0 = Debug|ARM
		{DC009D7E-3112-4015-8884-202B5FDE3108}.Debug|iPhone.ActiveCfg = Debug|x86
		{DC009D7E-3112-4015-8884-202B5FDE3108}.Debug|iPhoneSimulator.ActiveCfg = Debug|x86
		{DC009D7E-3112-4015-8884-202B5FDE3108}.Debug|x64.ActiveCfg = Debug|x64
		{DC009D7E-3112-4015-8884-202B5FDE3108}.Debug|x64.Build.0 = Debug|x64
		{DC009D7E-3112-4015-8884-202B5FDE3108}.Debug|x64.Deploy.0 = Debug|x64
		{DC009D7E-3112-4015-8884-202B5FDE3108}.Debug|x86.ActiveCfg = Debug|x86
		{DC009D7E-3112-4015-8884-202B5FDE3108}.Debug|x86.Build.0 = Debug|x86
		{DC009D7E-3112-4015-8884-202B5FDE3108}.Debug|x86.Deploy.0 = Debug|x86
		{DC009D7E-3112-4015-8884-202B5FDE3108}.Release|Any CPU.ActiveCfg = Release|x86
		{DC009D7E-3112-4015-8884-202B5FDE3108}.Release|ARM.ActiveCfg = Release|ARM
		{DC009D7E-3112-4015-8884-202B5FDE3108}.Release|ARM.Build.0 = Release|ARM
		{DC009D7E-3112-4015-8884-202B5FDE3108}.Release|ARM.Deploy.0 = Release|ARM
		{DC009D7E-3112-4015-8884-202B5FDE3108}.Release|iPhone.ActiveCfg = Release|x86
		{DC009D7E-3112-4015-8884-202B5FDE3108}.Release|iPhoneSimulator.ActiveCfg = Release|x86
		{DC009D7E-3112-4015-8884-202B5FDE3108}.Release|x64.ActiveCfg = Release|x64
		{DC009D7E-3112-4015-8884-202B5FDE3108}.Release|x64.Build.0 = Release|x64
		{DC009D7E-3112-4015-8884-202B5FDE3108}.Release|x64.Deploy.0 = Release|x64
		{DC009D7E-3112-4015-8884-202B5FDE3108}.Release|x86.ActiveCfg = Release|x86
		{DC009D7E-3112-4015-8884-202B5FDE3108}.Release|x86.Build.0 = Release|x86
		{DC009D7E-3112-4015-8884-202B5FDE3108}.Release|x86.Deploy.0 = Release|x86
		{958039E9-670B-44DF-8412-F9E1EB46A025}.Ad-Hoc|Any CPU.ActiveCfg = Release|Any CPU
		{958039E9-670B-44DF-8412-F9E1EB46A025}.Ad-Hoc|Any CPU.Build.0 = Release|Any CPU
		{958039E9-670B-44DF-8412-F9E1EB46A025}.Ad-Hoc|ARM.ActiveCfg = Release|Any CPU
		{958039E9-670B-44DF-8412-F9E1EB46A025}.Ad-Hoc|ARM.Build.0 = Release|Any CPU
		{958039E9-670B-44DF-8412-F9E1EB46A025}.Ad-Hoc|iPhone.ActiveCfg = Release|Any CPU
		{958039E9-670B-44DF-8412-F9E1EB46A025}.Ad-Hoc|iPhone.Build.0 = Release|Any CPU
		{958039E9-670B-44DF-8412-F9E1EB46A025}.Ad-Hoc|iPhoneSimulator.ActiveCfg = Release|Any CPU
		{958039E9-670B-44DF-8412-F9E1EB46A025}.Ad-Hoc|iPhoneSimulator.Build.0 = Release|Any CPU
		{958039E9-670B-44DF-8412-F9E1EB46A025}.Ad-Hoc|x64.ActiveCfg = Release|Any CPU
		{958039E9-670B-44DF-8412-F9E1EB46A025}.Ad-Hoc|x64.Build.0 = Release|Any CPU
		{958039E9-670B-44DF-8412-F9E1EB46A025}.Ad-Hoc|x86.ActiveCfg = Release|Any CPU
		{958039E9-670B-44DF-8412-F9E1EB46A025}.Ad-Hoc|x86.Build.0 = Release|Any CPU
		{958039E9-670B-44DF-8412-F9E1EB46A025}.AppStore|Any CPU.ActiveCfg = Release|Any CPU
		{958039E9-670B-44DF-8412-F9E1EB46A025}.AppStore|Any CPU.Build.0 = Release|Any CPU
		{958039E9-670B-44DF-8412-F9E1EB46A025}.AppStore|ARM.ActiveCfg = Release|Any CPU
		{958039E9-670B-44DF-8412-F9E1EB46A025}.AppStore|ARM.Build.0 = Release|Any CPU
		{958039E9-670B-44DF-8412-F9E1EB46A025}.AppStore|iPhone.ActiveCfg = Release|Any CPU
		{958039E9-670B-44DF-8412-F9E1EB46A025}.AppStore|iPhone.Build.0 = Release|Any CPU
		{958039E9-670B-44DF-8412-F9E1EB46A025}.AppStore|iPhoneSimulator.ActiveCfg = Release|Any CPU
		{958039E9-670B-44DF-8412-F9E1EB46A025}.AppStore|iPhoneSimulator.Build.0 = Release|Any CPU
		{958039E9-670B-44DF-8412-F9E1EB46A025}.AppStore|x64.ActiveCfg = Release|Any CPU
		{958039E9-670B-44DF-8412-F9E1EB46A025}.AppStore|x64.Build.0 = Release|Any CPU
		{958039E9-670B-44DF-8412-F9E1EB46A025}.AppStore|x86.ActiveCfg = Release|Any CPU
		{958039E9-670B-44DF-8412-F9E1EB46A025}.AppStore|x86.Build.0 = Release|Any CPU
		{958039E9-670B-44DF-8412-F9E1EB46A025}.Debug|Any CPU.ActiveCfg = Debug|Any CPU
		{958039E9-670B-44DF-8412-F9E1EB46A025}.Debug|Any CPU.Build.0 = Debug|Any CPU
		{958039E9-670B-44DF-8412-F9E1EB46A025}.Debug|ARM.ActiveCfg = Debug|Any CPU
		{958039E9-670B-44DF-8412-F9E1EB46A025}.Debug|ARM.Build.0 = Debug|Any CPU
		{958039E9-670B-44DF-8412-F9E1EB46A025}.Debug|iPhone.ActiveCfg = Debug|Any CPU
		{958039E9-670B-44DF-8412-F9E1EB46A025}.Debug|iPhone.Build.0 = Debug|Any CPU
		{958039E9-670B-44DF-8412-F9E1EB46A025}.Debug|iPhoneSimulator.ActiveCfg = Debug|Any CPU
		{958039E9-670B-44DF-8412-F9E1EB46A025}.Debug|iPhoneSimulator.Build.0 = Debug|Any CPU
		{958039E9-670B-44DF-8412-F9E1EB46A025}.Debug|x64.ActiveCfg = Debug|Any CPU
		{958039E9-670B-44DF-8412-F9E1EB46A025}.Debug|x64.Build.0 = Debug|Any CPU
		{958039E9-670B-44DF-8412-F9E1EB46A025}.Debug|x86.ActiveCfg = Debug|Any CPU
		{958039E9-670B-44DF-8412-F9E1EB46A025}.Debug|x86.Build.0 = Debug|Any CPU
		{958039E9-670B-44DF-8412-F9E1EB46A025}.Release|Any CPU.ActiveCfg = Release|Any CPU
		{958039E9-670B-44DF-8412-F9E1EB46A025}.Release|Any CPU.Build.0 = Release|Any CPU
		{958039E9-670B-44DF-8412-F9E1EB46A025}.Release|ARM.ActiveCfg = Release|Any CPU
		{958039E9-670B-44DF-8412-F9E1EB46A025}.Release|ARM.Build.0 = Release|Any CPU
		{958039E9-670B-44DF-8412-F9E1EB46A025}.Release|iPhone.ActiveCfg = Release|Any CPU
		{958039E9-670B-44DF-8412-F9E1EB46A025}.Release|iPhone.Build.0 = Release|Any CPU
		{958039E9-670B-44DF-8412-F9E1EB46A025}.Release|iPhoneSimulator.ActiveCfg = Release|Any CPU
		{958039E9-670B-44DF-8412-F9E1EB46A025}.Release|iPhoneSimulator.Build.0 = Release|Any CPU
		{958039E9-670B-44DF-8412-F9E1EB46A025}.Release|x64.ActiveCfg = Release|Any CPU
		{958039E9-670B-44DF-8412-F9E1EB46A025}.Release|x64.Build.0 = Release|Any CPU
		{958039E9-670B-44DF-8412-F9E1EB46A025}.Release|x86.ActiveCfg = Release|Any CPU
		{958039E9-670B-44DF-8412-F9E1EB46A025}.Release|x86.Build.0 = Release|Any CPU
	EndGlobalSection
	GlobalSection(SolutionProperties) = preSolution
		HideSolutionNode = FALSE
	EndGlobalSection
	GlobalSection(NestedProjects) = preSolution
		{CAE0ED31-FE0E-49BE-A5DA-00E0577C71E7} = {967133DB-5507-427F-935E-D32F220CE77B}
		{64609FF0-C23B-457B-AF6E-A6A825B8A0B2} = {967133DB-5507-427F-935E-D32F220CE77B}
		{DC009D7E-3112-4015-8884-202B5FDE3108} = {967133DB-5507-427F-935E-D32F220CE77B}
	EndGlobalSection
EndGlobal
